
Microsoft Visual Studio Solution File, Format Version 12.00
# Visual Studio 14
VisualStudioVersion = 14.0.23107.0
MinimumVisualStudioVersion = 10.0.40219.1
Project("{2150E333-8FDC-42A3-9474-1A3956D46DE8}") = "Update", "Update", "{9747ECAE-5554-4FEC-AD61-6CD9993DA656}"
EndProject
Project("{D954291E-2A0B-460D-934E-DC6B0785DB48}") = "Update.Shared", "Update\Update.Shared\Update.Shared.shproj", "{E7E1AD85-D333-4D43-A1B5-559B710E6731}"
EndProject
Project("{FAE04EC0-301F-11D3-BF4B-00C04F79EFBC}") = "Update.Worker", "Update\Update.Worker\Update.Worker.csproj", "{088808F1-7D7D-4F26-A3A9-447CB92A5174}"
EndProject
Project("{FAE04EC0-301F-11D3-BF4B-00C04F79EFBC}") = "Update.Service", "Update\Update.Service\Update.Service.csproj", "{0FE2C028-722E-45BE-8C98-AF20AB09B782}"
EndProject
Project("{FAE04EC0-301F-11D3-BF4B-00C04F79EFBC}") = "Update.Fix", "Update\Update.Fix\Update.Fix.csproj", "{F0B5978C-5345-44A0-9A17-FE92C13C33BE}"
EndProject
Project("{2150E333-8FDC-42A3-9474-1A3956D46DE8}") = "Tools", "Tools", "{9405BB41-9B2A-48C1-BEE0-716715937521}"
EndProject
Project("{FAE04EC0-301F-11D3-BF4B-00C04F79EFBC}") = "Tools.MailQueue", "Tools\Tools.MailQueue\Tools.MailQueue.csproj", "{BB2EFE6B-D846-4310-8229-40DD5D89FF2B}"
EndProject
Project("{FAE04EC0-301F-11D3-BF4B-00C04F79EFBC}") = "Tools.QueryPad", "Tools\Tools.QueryPad\Tools.QueryPad.csproj", "{D8BF0001-C57A-4940-B74E-27937B5D5377}"
EndProject
Project("{FAE04EC0-301F-11D3-BF4B-00C04F79EFBC}") = "Tools.TestDataScrambler", "Tools\Tools.TestDataScrambler\Tools.TestDataScrambler.csproj", "{611F2BAD-57C4-4D06-88E9-08DE9ACBABB6}"
EndProject
Project("{FAE04EC0-301F-11D3-BF4B-00C04F79EFBC}") = "Tools.SqliteDbPassDecryptor", "Tools\Tools.SqliteDbPassDecryptor\Tools.SqliteDbPassDecryptor.csproj", "{76851D5A-21C5-49E8-9F92-BE393EB9DD17}"
EndProject
Project("{2150E333-8FDC-42A3-9474-1A3956D46DE8}") = "Setup", "Setup", "{3DE33C8C-478C-4BF3-A4B6-4F42BC9CB130}"
EndProject
Project("{FAE04EC0-301F-11D3-BF4B-00C04F79EFBC}") = "Setup", "Setup\Setup\Setup.csproj", "{4DDA980F-20E0-425B-8AB5-B21A83ED6608}"
EndProject
Project("{D954291E-2A0B-460D-934E-DC6B0785DB48}") = "Setup.Shared", "Setup\Shared\Setup.Shared.shproj", "{21E4CDDE-8780-42B8-9B78-EF99481C82F0}"
EndProject
Project("{FAE04EC0-301F-11D3-BF4B-00C04F79EFBC}") = "WebInstaller", "Setup\WebInstaller\WebInstaller.csproj", "{4C00BD12-D2C7-470F-9E84-5137AF749DBA}"
EndProject
Project("{FAE04EC0-301F-11D3-BF4B-00C04F79EFBC}") = "Update.Common", "Update\Update.Common\Update.Common.csproj", "{AD481F26-9C36-44CA-9E42-40195062303A}"
EndProject
Project("{FAE04EC0-301F-11D3-BF4B-00C04F79EFBC}") = "Tools.Support", "Tools\Tools.Support\Tools.Support.csproj", "{0F72A1CC-3A3D-4855-87D9-5C94423DCD53}"
EndProject
Project("{D954291E-2A0B-460D-934E-DC6B0785DB48}") = "Shared", "Shared\Shared.shproj", "{D86D9FD3-D5A9-4A68-B333-81D69B6F003A}"
EndProject
Project("{D954291E-2A0B-460D-934E-DC6B0785DB48}") = "Update.Octodiff", "Update\Update.Octodiff\Update.Octodiff.shproj", "{84174FBC-13E0-4307-8656-24F8068A392E}"
EndProject
Global
	GlobalSection(SharedMSBuildProjectFiles) = preSolution
		Shared\Shared.projitems*{d86d9fd3-d5a9-4a68-b333-81d69b6f003a}*SharedItemsImports = 13
		Update\Update.Octodiff\Update.Octodiff.projitems*{84174fbc-13e0-4307-8656-24f8068a392e}*SharedItemsImports = 13
		Setup\Shared\Shared.projitems*{4c00bd12-d2c7-470f-9e84-5137af749dba}*SharedItemsImports = 4
		Shared\Shared.projitems*{4c00bd12-d2c7-470f-9e84-5137af749dba}*SharedItemsImports = 4
		Update\Update.Shared\Update.Shared.projitems*{0fe2c028-722e-45be-8c98-af20ab09b782}*SharedItemsImports = 4
		Shared\Shared.projitems*{0fe2c028-722e-45be-8c98-af20ab09b782}*SharedItemsImports = 4
		Setup\Shared\Shared.projitems*{4dda980f-20e0-425b-8ab5-b21a83ed6608}*SharedItemsImports = 4
		Shared\Shared.projitems*{4dda980f-20e0-425b-8ab5-b21a83ed6608}*SharedItemsImports = 4
		Update\Update.Shared\Update.Shared.projitems*{088808f1-7d7d-4f26-a3a9-447cb92a5174}*SharedItemsImports = 4
		Shared\Shared.projitems*{088808f1-7d7d-4f26-a3a9-447cb92a5174}*SharedItemsImports = 4
		Setup\Shared\Shared.projitems*{21e4cdde-8780-42b8-9b78-ef99481c82f0}*SharedItemsImports = 13
		Update\Update.Shared\Update.Shared.projitems*{f0b5978c-5345-44a0-9a17-fe92c13c33be}*SharedItemsImports = 4
		Shared\Shared.projitems*{f0b5978c-5345-44a0-9a17-fe92c13c33be}*SharedItemsImports = 4
		Update\Update.Shared\Update.Shared.projitems*{e7e1ad85-d333-4d43-a1b5-559b710e6731}*SharedItemsImports = 13
		Update\Update.Shared\Update.Shared.projitems*{ad481f26-9c36-44ca-9e42-40195062303a}*SharedItemsImports = 4
		Update\Update.Octodiff\Update.Octodiff.projitems*{ad481f26-9c36-44ca-9e42-40195062303a}*SharedItemsImports = 4
		Shared\Shared.projitems*{ad481f26-9c36-44ca-9e42-40195062303a}*SharedItemsImports = 4
	EndGlobalSection
	GlobalSection(SolutionConfigurationPlatforms) = preSolution
		Debug|Any CPU = Debug|Any CPU
		Debug|x86 = Debug|x86
		DemoDebug|Any CPU = DemoDebug|Any CPU
		DemoDebug|x86 = DemoDebug|x86
		DemoRelease|Any CPU = DemoRelease|Any CPU
		DemoRelease|x86 = DemoRelease|x86
		ProofDebug|Any CPU = ProofDebug|Any CPU
		ProofDebug|x86 = ProofDebug|x86
		ProofRelease|Any CPU = ProofRelease|Any CPU
		ProofRelease|x86 = ProofRelease|x86
		Release|Any CPU = Release|Any CPU
		Release|x86 = Release|x86
	EndGlobalSection
	GlobalSection(ProjectConfigurationPlatforms) = postSolution
		{088808F1-7D7D-4F26-A3A9-447CB92A5174}.Debug|Any CPU.ActiveCfg = Debug|x86
		{088808F1-7D7D-4F26-A3A9-447CB92A5174}.Debug|x86.ActiveCfg = Debug|x86
		{088808F1-7D7D-4F26-A3A9-447CB92A5174}.Debug|x86.Build.0 = Debug|x86
		{088808F1-7D7D-4F26-A3A9-447CB92A5174}.DemoDebug|Any CPU.ActiveCfg = Release|x86
		{088808F1-7D7D-4F26-A3A9-447CB92A5174}.DemoDebug|Any CPU.Build.0 = Release|x86
		{088808F1-7D7D-4F26-A3A9-447CB92A5174}.DemoDebug|x86.ActiveCfg = Debug|x86
		{088808F1-7D7D-4F26-A3A9-447CB92A5174}.DemoDebug|x86.Build.0 = Debug|x86
		{088808F1-7D7D-4F26-A3A9-447CB92A5174}.DemoRelease|Any CPU.ActiveCfg = Release|x86
		{088808F1-7D7D-4F26-A3A9-447CB92A5174}.DemoRelease|Any CPU.Build.0 = Release|x86
		{088808F1-7D7D-4F26-A3A9-447CB92A5174}.DemoRelease|x86.ActiveCfg = Release|x86
		{088808F1-7D7D-4F26-A3A9-447CB92A5174}.DemoRelease|x86.Build.0 = Release|x86
		{088808F1-7D7D-4F26-A3A9-447CB92A5174}.ProofDebug|Any CPU.ActiveCfg = Release|x86
		{088808F1-7D7D-4F26-A3A9-447CB92A5174}.ProofDebug|Any CPU.Build.0 = Release|x86
		{088808F1-7D7D-4F26-A3A9-447CB92A5174}.ProofDebug|x86.ActiveCfg = Debug|x86
		{088808F1-7D7D-4F26-A3A9-447CB92A5174}.ProofDebug|x86.Build.0 = Debug|x86
		{088808F1-7D7D-4F26-A3A9-447CB92A5174}.ProofRelease|Any CPU.ActiveCfg = Release|x86
		{088808F1-7D7D-4F26-A3A9-447CB92A5174}.ProofRelease|Any CPU.Build.0 = Release|x86
		{088808F1-7D7D-4F26-A3A9-447CB92A5174}.ProofRelease|x86.ActiveCfg = Release|x86
		{088808F1-7D7D-4F26-A3A9-447CB92A5174}.ProofRelease|x86.Build.0 = Release|x86
		{088808F1-7D7D-4F26-A3A9-447CB92A5174}.Release|Any CPU.ActiveCfg = Release|x86
		{088808F1-7D7D-4F26-A3A9-447CB92A5174}.Release|x86.ActiveCfg = Release|x86
		{088808F1-7D7D-4F26-A3A9-447CB92A5174}.Release|x86.Build.0 = Release|x86
		{0FE2C028-722E-45BE-8C98-AF20AB09B782}.Debug|Any CPU.ActiveCfg = Debug|x86
		{0FE2C028-722E-45BE-8C98-AF20AB09B782}.Debug|x86.ActiveCfg = Debug|x86
		{0FE2C028-722E-45BE-8C98-AF20AB09B782}.Debug|x86.Build.0 = Debug|x86
		{0FE2C028-722E-45BE-8C98-AF20AB09B782}.DemoDebug|Any CPU.ActiveCfg = Release|x86
		{0FE2C028-722E-45BE-8C98-AF20AB09B782}.DemoDebug|Any CPU.Build.0 = Release|x86
		{0FE2C028-722E-45BE-8C98-AF20AB09B782}.DemoDebug|x86.ActiveCfg = Debug|x86
		{0FE2C028-722E-45BE-8C98-AF20AB09B782}.DemoDebug|x86.Build.0 = Debug|x86
		{0FE2C028-722E-45BE-8C98-AF20AB09B782}.DemoRelease|Any CPU.ActiveCfg = Release|x86
		{0FE2C028-722E-45BE-8C98-AF20AB09B782}.DemoRelease|Any CPU.Build.0 = Release|x86
		{0FE2C028-722E-45BE-8C98-AF20AB09B782}.DemoRelease|x86.ActiveCfg = Release|x86
		{0FE2C028-722E-45BE-8C98-AF20AB09B782}.DemoRelease|x86.Build.0 = Release|x86
		{0FE2C028-722E-45BE-8C98-AF20AB09B782}.ProofDebug|Any CPU.ActiveCfg = Release|x86
		{0FE2C028-722E-45BE-8C98-AF20AB09B782}.ProofDebug|Any CPU.Build.0 = Release|x86
		{0FE2C028-722E-45BE-8C98-AF20AB09B782}.ProofDebug|x86.ActiveCfg = Debug|x86
		{0FE2C028-722E-45BE-8C98-AF20AB09B782}.ProofDebug|x86.Build.0 = Debug|x86
		{0FE2C028-722E-45BE-8C98-AF20AB09B782}.ProofRelease|Any CPU.ActiveCfg = Release|x86
		{0FE2C028-722E-45BE-8C98-AF20AB09B782}.ProofRelease|Any CPU.Build.0 = Release|x86
		{0FE2C028-722E-45BE-8C98-AF20AB09B782}.ProofRelease|x86.ActiveCfg = Release|x86
		{0FE2C028-722E-45BE-8C98-AF20AB09B782}.ProofRelease|x86.Build.0 = Release|x86
		{0FE2C028-722E-45BE-8C98-AF20AB09B782}.Release|Any CPU.ActiveCfg = Release|x86
		{0FE2C028-722E-45BE-8C98-AF20AB09B782}.Release|x86.ActiveCfg = Release|x86
		{0FE2C028-722E-45BE-8C98-AF20AB09B782}.Release|x86.Build.0 = Release|x86
		{F0B5978C-5345-44A0-9A17-FE92C13C33BE}.Debug|Any CPU.ActiveCfg = Debug|Any CPU
		{F0B5978C-5345-44A0-9A17-FE92C13C33BE}.Debug|Any CPU.Build.0 = Debug|Any CPU
		{F0B5978C-5345-44A0-9A17-FE92C13C33BE}.Debug|x86.ActiveCfg = Debug|Any CPU
		{F0B5978C-5345-44A0-9A17-FE92C13C33BE}.Debug|x86.Build.0 = Debug|Any CPU
		{F0B5978C-5345-44A0-9A17-FE92C13C33BE}.DemoDebug|Any CPU.ActiveCfg = Debug|Any CPU
		{F0B5978C-5345-44A0-9A17-FE92C13C33BE}.DemoDebug|Any CPU.Build.0 = Debug|Any CPU
		{F0B5978C-5345-44A0-9A17-FE92C13C33BE}.DemoDebug|x86.ActiveCfg = Debug|Any CPU
		{F0B5978C-5345-44A0-9A17-FE92C13C33BE}.DemoDebug|x86.Build.0 = Debug|Any CPU
		{F0B5978C-5345-44A0-9A17-FE92C13C33BE}.DemoRelease|Any CPU.ActiveCfg = Release|Any CPU
		{F0B5978C-5345-44A0-9A17-FE92C13C33BE}.DemoRelease|Any CPU.Build.0 = Release|Any CPU
		{F0B5978C-5345-44A0-9A17-FE92C13C33BE}.DemoRelease|x86.ActiveCfg = Release|Any CPU
		{F0B5978C-5345-44A0-9A17-FE92C13C33BE}.DemoRelease|x86.Build.0 = Release|Any CPU
		{F0B5978C-5345-44A0-9A17-FE92C13C33BE}.ProofDebug|Any CPU.ActiveCfg = Debug|Any CPU
		{F0B5978C-5345-44A0-9A17-FE92C13C33BE}.ProofDebug|Any CPU.Build.0 = Debug|Any CPU
		{F0B5978C-5345-44A0-9A17-FE92C13C33BE}.ProofDebug|x86.ActiveCfg = Debug|Any CPU
		{F0B5978C-5345-44A0-9A17-FE92C13C33BE}.ProofDebug|x86.Build.0 = Debug|Any CPU
		{F0B5978C-5345-44A0-9A17-FE92C13C33BE}.ProofRelease|Any CPU.ActiveCfg = Release|Any CPU
		{F0B5978C-5345-44A0-9A17-FE92C13C33BE}.ProofRelease|Any CPU.Build.0 = Release|Any CPU
		{F0B5978C-5345-44A0-9A17-FE92C13C33BE}.ProofRelease|x86.ActiveCfg = Release|Any CPU
		{F0B5978C-5345-44A0-9A17-FE92C13C33BE}.ProofRelease|x86.Build.0 = Release|Any CPU
		{F0B5978C-5345-44A0-9A17-FE92C13C33BE}.Release|Any CPU.ActiveCfg = Release|Any CPU
		{F0B5978C-5345-44A0-9A17-FE92C13C33BE}.Release|Any CPU.Build.0 = Release|Any CPU
		{F0B5978C-5345-44A0-9A17-FE92C13C33BE}.Release|x86.ActiveCfg = Release|Any CPU
		{F0B5978C-5345-44A0-9A17-FE92C13C33BE}.Release|x86.Build.0 = Release|Any CPU
		{BB2EFE6B-D846-4310-8229-40DD5D89FF2B}.Debug|Any CPU.ActiveCfg = Debug|Any CPU
		{BB2EFE6B-D846-4310-8229-40DD5D89FF2B}.Debug|Any CPU.Build.0 = Debug|Any CPU
		{BB2EFE6B-D846-4310-8229-40DD5D89FF2B}.Debug|x86.ActiveCfg = Debug|Any CPU
		{BB2EFE6B-D846-4310-8229-40DD5D89FF2B}.Debug|x86.Build.0 = Debug|Any CPU
		{BB2EFE6B-D846-4310-8229-40DD5D89FF2B}.DemoDebug|Any CPU.ActiveCfg = Debug|Any CPU
		{BB2EFE6B-D846-4310-8229-40DD5D89FF2B}.DemoDebug|Any CPU.Build.0 = Debug|Any CPU
		{BB2EFE6B-D846-4310-8229-40DD5D89FF2B}.DemoDebug|x86.ActiveCfg = Debug|Any CPU
		{BB2EFE6B-D846-4310-8229-40DD5D89FF2B}.DemoDebug|x86.Build.0 = Debug|Any CPU
		{BB2EFE6B-D846-4310-8229-40DD5D89FF2B}.DemoRelease|Any CPU.ActiveCfg = Release|Any CPU
		{BB2EFE6B-D846-4310-8229-40DD5D89FF2B}.DemoRelease|Any CPU.Build.0 = Release|Any CPU
		{BB2EFE6B-D846-4310-8229-40DD5D89FF2B}.DemoRelease|x86.ActiveCfg = Release|Any CPU
		{BB2EFE6B-D846-4310-8229-40DD5D89FF2B}.DemoRelease|x86.Build.0 = Release|Any CPU
		{BB2EFE6B-D846-4310-8229-40DD5D89FF2B}.ProofDebug|Any CPU.ActiveCfg = Debug|Any CPU
		{BB2EFE6B-D846-4310-8229-40DD5D89FF2B}.ProofDebug|Any CPU.Build.0 = Debug|Any CPU
		{BB2EFE6B-D846-4310-8229-40DD5D89FF2B}.ProofDebug|x86.ActiveCfg = Debug|Any CPU
		{BB2EFE6B-D846-4310-8229-40DD5D89FF2B}.ProofDebug|x86.Build.0 = Debug|Any CPU
		{BB2EFE6B-D846-4310-8229-40DD5D89FF2B}.ProofRelease|Any CPU.ActiveCfg = Release|Any CPU
		{BB2EFE6B-D846-4310-8229-40DD5D89FF2B}.ProofRelease|Any CPU.Build.0 = Release|Any CPU
		{BB2EFE6B-D846-4310-8229-40DD5D89FF2B}.ProofRelease|x86.ActiveCfg = Release|Any CPU
		{BB2EFE6B-D846-4310-8229-40DD5D89FF2B}.ProofRelease|x86.Build.0 = Release|Any CPU
		{BB2EFE6B-D846-4310-8229-40DD5D89FF2B}.Release|Any CPU.ActiveCfg = Release|Any CPU
		{BB2EFE6B-D846-4310-8229-40DD5D89FF2B}.Release|Any CPU.Build.0 = Release|Any CPU
		{BB2EFE6B-D846-4310-8229-40DD5D89FF2B}.Release|x86.ActiveCfg = Release|Any CPU
		{BB2EFE6B-D846-4310-8229-40DD5D89FF2B}.Release|x86.Build.0 = Release|Any CPU
		{D8BF0001-C57A-4940-B74E-27937B5D5377}.Debug|Any CPU.ActiveCfg = Debug|x86
		{D8BF0001-C57A-4940-B74E-27937B5D5377}.Debug|x86.ActiveCfg = Debug|x86
		{D8BF0001-C57A-4940-B74E-27937B5D5377}.Debug|x86.Build.0 = Debug|x86
		{D8BF0001-C57A-4940-B74E-27937B5D5377}.DemoDebug|Any CPU.ActiveCfg = Release|x86
		{D8BF0001-C57A-4940-B74E-27937B5D5377}.DemoDebug|Any CPU.Build.0 = Release|x86
		{D8BF0001-C57A-4940-B74E-27937B5D5377}.DemoDebug|x86.ActiveCfg = Debug|x86
		{D8BF0001-C57A-4940-B74E-27937B5D5377}.DemoDebug|x86.Build.0 = Debug|x86
		{D8BF0001-C57A-4940-B74E-27937B5D5377}.DemoRelease|Any CPU.ActiveCfg = Release|x86
		{D8BF0001-C57A-4940-B74E-27937B5D5377}.DemoRelease|Any CPU.Build.0 = Release|x86
		{D8BF0001-C57A-4940-B74E-27937B5D5377}.DemoRelease|x86.ActiveCfg = Release|x86
		{D8BF0001-C57A-4940-B74E-27937B5D5377}.DemoRelease|x86.Build.0 = Release|x86
		{D8BF0001-C57A-4940-B74E-27937B5D5377}.ProofDebug|Any CPU.ActiveCfg = Release|x86
		{D8BF0001-C57A-4940-B74E-27937B5D5377}.ProofDebug|Any CPU.Build.0 = Release|x86
		{D8BF0001-C57A-4940-B74E-27937B5D5377}.ProofDebug|x86.ActiveCfg = Debug|x86
		{D8BF0001-C57A-4940-B74E-27937B5D5377}.ProofDebug|x86.Build.0 = Debug|x86
		{D8BF0001-C57A-4940-B74E-27937B5D5377}.ProofRelease|Any CPU.ActiveCfg = Release|x86
		{D8BF0001-C57A-4940-B74E-27937B5D5377}.ProofRelease|Any CPU.Build.0 = Release|x86
		{D8BF0001-C57A-4940-B74E-27937B5D5377}.ProofRelease|x86.ActiveCfg = Release|x86
		{D8BF0001-C57A-4940-B74E-27937B5D5377}.ProofRelease|x86.Build.0 = Release|x86
		{D8BF0001-C57A-4940-B74E-27937B5D5377}.Release|Any CPU.ActiveCfg = Release|x86
		{D8BF0001-C57A-4940-B74E-27937B5D5377}.Release|x86.ActiveCfg = Release|x86
		{D8BF0001-C57A-4940-B74E-27937B5D5377}.Release|x86.Build.0 = Release|x86
		{611F2BAD-57C4-4D06-88E9-08DE9ACBABB6}.Debug|Any CPU.ActiveCfg = Debug|Any CPU
		{611F2BAD-57C4-4D06-88E9-08DE9ACBABB6}.Debug|Any CPU.Build.0 = Debug|Any CPU
		{611F2BAD-57C4-4D06-88E9-08DE9ACBABB6}.Debug|x86.ActiveCfg = Debug|Any CPU
		{611F2BAD-57C4-4D06-88E9-08DE9ACBABB6}.Debug|x86.Build.0 = Debug|Any CPU
		{611F2BAD-57C4-4D06-88E9-08DE9ACBABB6}.DemoDebug|Any CPU.ActiveCfg = Debug|Any CPU
		{611F2BAD-57C4-4D06-88E9-08DE9ACBABB6}.DemoDebug|Any CPU.Build.0 = Debug|Any CPU
		{611F2BAD-57C4-4D06-88E9-08DE9ACBABB6}.DemoDebug|x86.ActiveCfg = Debug|Any CPU
		{611F2BAD-57C4-4D06-88E9-08DE9ACBABB6}.DemoDebug|x86.Build.0 = Debug|Any CPU
		{611F2BAD-57C4-4D06-88E9-08DE9ACBABB6}.DemoRelease|Any CPU.ActiveCfg = Release|Any CPU
		{611F2BAD-57C4-4D06-88E9-08DE9ACBABB6}.DemoRelease|Any CPU.Build.0 = Release|Any CPU
		{611F2BAD-57C4-4D06-88E9-08DE9ACBABB6}.DemoRelease|x86.ActiveCfg = Release|Any CPU
		{611F2BAD-57C4-4D06-88E9-08DE9ACBABB6}.DemoRelease|x86.Build.0 = Release|Any CPU
		{611F2BAD-57C4-4D06-88E9-08DE9ACBABB6}.ProofDebug|Any CPU.ActiveCfg = Debug|Any CPU
		{611F2BAD-57C4-4D06-88E9-08DE9ACBABB6}.ProofDebug|Any CPU.Build.0 = Debug|Any CPU
		{611F2BAD-57C4-4D06-88E9-08DE9ACBABB6}.ProofDebug|x86.ActiveCfg = Debug|Any CPU
		{611F2BAD-57C4-4D06-88E9-08DE9ACBABB6}.ProofDebug|x86.Build.0 = Debug|Any CPU
		{611F2BAD-57C4-4D06-88E9-08DE9ACBABB6}.ProofRelease|Any CPU.ActiveCfg = Release|Any CPU
		{611F2BAD-57C4-4D06-88E9-08DE9ACBABB6}.ProofRelease|Any CPU.Build.0 = Release|Any CPU
		{611F2BAD-57C4-4D06-88E9-08DE9ACBABB6}.ProofRelease|x86.ActiveCfg = Release|Any CPU
		{611F2BAD-57C4-4D06-88E9-08DE9ACBABB6}.ProofRelease|x86.Build.0 = Release|Any CPU
		{611F2BAD-57C4-4D06-88E9-08DE9ACBABB6}.Release|Any CPU.ActiveCfg = Release|Any CPU
		{611F2BAD-57C4-4D06-88E9-08DE9ACBABB6}.Release|Any CPU.Build.0 = Release|Any CPU
		{611F2BAD-57C4-4D06-88E9-08DE9ACBABB6}.Release|x86.ActiveCfg = Release|Any CPU
		{611F2BAD-57C4-4D06-88E9-08DE9ACBABB6}.Release|x86.Build.0 = Release|Any CPU
		{76851D5A-21C5-49E8-9F92-BE393EB9DD17}.Debug|Any CPU.ActiveCfg = Debug|x86
		{76851D5A-21C5-49E8-9F92-BE393EB9DD17}.Debug|x86.ActiveCfg = Debug|x86
		{76851D5A-21C5-49E8-9F92-BE393EB9DD17}.Debug|x86.Build.0 = Debug|x86
		{76851D5A-21C5-49E8-9F92-BE393EB9DD17}.DemoDebug|Any CPU.ActiveCfg = Debug|x86
		{76851D5A-21C5-49E8-9F92-BE393EB9DD17}.DemoDebug|Any CPU.Build.0 = Debug|x86
		{76851D5A-21C5-49E8-9F92-BE393EB9DD17}.DemoDebug|x86.ActiveCfg = Debug|x86
		{76851D5A-21C5-49E8-9F92-BE393EB9DD17}.DemoDebug|x86.Build.0 = Debug|x86
		{76851D5A-21C5-49E8-9F92-BE393EB9DD17}.DemoRelease|Any CPU.ActiveCfg = Debug|x86
		{76851D5A-21C5-49E8-9F92-BE393EB9DD17}.DemoRelease|Any CPU.Build.0 = Debug|x86
		{76851D5A-21C5-49E8-9F92-BE393EB9DD17}.DemoRelease|x86.ActiveCfg = Debug|x86
		{76851D5A-21C5-49E8-9F92-BE393EB9DD17}.DemoRelease|x86.Build.0 = Debug|x86
		{76851D5A-21C5-49E8-9F92-BE393EB9DD17}.ProofDebug|Any CPU.ActiveCfg = Debug|x86
		{76851D5A-21C5-49E8-9F92-BE393EB9DD17}.ProofDebug|Any CPU.Build.0 = Debug|x86
		{76851D5A-21C5-49E8-9F92-BE393EB9DD17}.ProofDebug|x86.ActiveCfg = Debug|x86
		{76851D5A-21C5-49E8-9F92-BE393EB9DD17}.ProofDebug|x86.Build.0 = Debug|x86
		{76851D5A-21C5-49E8-9F92-BE393EB9DD17}.ProofRelease|Any CPU.ActiveCfg = Debug|x86
		{76851D5A-21C5-49E8-9F92-BE393EB9DD17}.ProofRelease|Any CPU.Build.0 = Debug|x86
		{76851D5A-21C5-49E8-9F92-BE393EB9DD17}.ProofRelease|x86.ActiveCfg = Debug|x86
		{76851D5A-21C5-49E8-9F92-BE393EB9DD17}.ProofRelease|x86.Build.0 = Debug|x86
		{76851D5A-21C5-49E8-9F92-BE393EB9DD17}.Release|Any CPU.ActiveCfg = Debug|x86
		{76851D5A-21C5-49E8-9F92-BE393EB9DD17}.Release|Any CPU.Build.0 = Debug|x86
		{76851D5A-21C5-49E8-9F92-BE393EB9DD17}.Release|x86.ActiveCfg = Debug|x86
		{76851D5A-21C5-49E8-9F92-BE393EB9DD17}.Release|x86.Build.0 = Debug|x86
		{4DDA980F-20E0-425B-8AB5-B21A83ED6608}.Debug|Any CPU.ActiveCfg = Debug|x86
		{4DDA980F-20E0-425B-8AB5-B21A83ED6608}.Debug|x86.ActiveCfg = Debug|x86
		{4DDA980F-20E0-425B-8AB5-B21A83ED6608}.Debug|x86.Build.0 = Debug|x86
		{4DDA980F-20E0-425B-8AB5-B21A83ED6608}.DemoDebug|Any CPU.ActiveCfg = Release|x86
		{4DDA980F-20E0-425B-8AB5-B21A83ED6608}.DemoDebug|Any CPU.Build.0 = Release|x86
		{4DDA980F-20E0-425B-8AB5-B21A83ED6608}.DemoDebug|x86.ActiveCfg = Debug|x86
		{4DDA980F-20E0-425B-8AB5-B21A83ED6608}.DemoDebug|x86.Build.0 = Debug|x86
		{4DDA980F-20E0-425B-8AB5-B21A83ED6608}.DemoRelease|Any CPU.ActiveCfg = Release|x86
		{4DDA980F-20E0-425B-8AB5-B21A83ED6608}.DemoRelease|Any CPU.Build.0 = Release|x86
		{4DDA980F-20E0-425B-8AB5-B21A83ED6608}.DemoRelease|x86.ActiveCfg = Release|x86
		{4DDA980F-20E0-425B-8AB5-B21A83ED6608}.DemoRelease|x86.Build.0 = Release|x86
		{4DDA980F-20E0-425B-8AB5-B21A83ED6608}.ProofDebug|Any CPU.ActiveCfg = Release|x86
		{4DDA980F-20E0-425B-8AB5-B21A83ED6608}.ProofDebug|Any CPU.Build.0 = Release|x86
		{4DDA980F-20E0-425B-8AB5-B21A83ED6608}.ProofDebug|x86.ActiveCfg = Debug|x86
		{4DDA980F-20E0-425B-8AB5-B21A83ED6608}.ProofDebug|x86.Build.0 = Debug|x86
		{4DDA980F-20E0-425B-8AB5-B21A83ED6608}.ProofRelease|Any CPU.ActiveCfg = Release|x86
		{4DDA980F-20E0-425B-8AB5-B21A83ED6608}.ProofRelease|Any CPU.Build.0 = Release|x86
		{4DDA980F-20E0-425B-8AB5-B21A83ED6608}.ProofRelease|x86.ActiveCfg = Release|x86
		{4DDA980F-20E0-425B-8AB5-B21A83ED6608}.ProofRelease|x86.Build.0 = Release|x86
		{4DDA980F-20E0-425B-8AB5-B21A83ED6608}.Release|Any CPU.ActiveCfg = Release|x86
		{4DDA980F-20E0-425B-8AB5-B21A83ED6608}.Release|x86.ActiveCfg = Release|x86
		{4DDA980F-20E0-425B-8AB5-B21A83ED6608}.Release|x86.Build.0 = Release|x86
		{4C00BD12-D2C7-470F-9E84-5137AF749DBA}.Debug|Any CPU.ActiveCfg = Debug|x86
		{4C00BD12-D2C7-470F-9E84-5137AF749DBA}.Debug|x86.ActiveCfg = Debug|x86
		{4C00BD12-D2C7-470F-9E84-5137AF749DBA}.Debug|x86.Build.0 = Debug|x86
		{4C00BD12-D2C7-470F-9E84-5137AF749DBA}.DemoDebug|Any CPU.ActiveCfg = Release|x86
		{4C00BD12-D2C7-470F-9E84-5137AF749DBA}.DemoDebug|Any CPU.Build.0 = Release|x86
		{4C00BD12-D2C7-470F-9E84-5137AF749DBA}.DemoDebug|x86.ActiveCfg = Debug|x86
		{4C00BD12-D2C7-470F-9E84-5137AF749DBA}.DemoDebug|x86.Build.0 = Debug|x86
		{4C00BD12-D2C7-470F-9E84-5137AF749DBA}.DemoRelease|Any CPU.ActiveCfg = Release|x86
		{4C00BD12-D2C7-470F-9E84-5137AF749DBA}.DemoRelease|Any CPU.Build.0 = Release|x86
		{4C00BD12-D2C7-470F-9E84-5137AF749DBA}.DemoRelease|x86.ActiveCfg = Release|x86
		{4C00BD12-D2C7-470F-9E84-5137AF749DBA}.DemoRelease|x86.Build.0 = Release|x86
		{4C00BD12-D2C7-470F-9E84-5137AF749DBA}.ProofDebug|Any CPU.ActiveCfg = Release|x86
		{4C00BD12-D2C7-470F-9E84-5137AF749DBA}.ProofDebug|Any CPU.Build.0 = Release|x86
		{4C00BD12-D2C7-470F-9E84-5137AF749DBA}.ProofDebug|x86.ActiveCfg = Debug|x86
		{4C00BD12-D2C7-470F-9E84-5137AF749DBA}.ProofDebug|x86.Build.0 = Debug|x86
		{4C00BD12-D2C7-470F-9E84-5137AF749DBA}.ProofRelease|Any CPU.ActiveCfg = Release|x86
		{4C00BD12-D2C7-470F-9E84-5137AF749DBA}.ProofRelease|Any CPU.Build.0 = Release|x86
		{4C00BD12-D2C7-470F-9E84-5137AF749DBA}.ProofRelease|x86.ActiveCfg = Release|x86
		{4C00BD12-D2C7-470F-9E84-5137AF749DBA}.ProofRelease|x86.Build.0 = Release|x86
		{4C00BD12-D2C7-470F-9E84-5137AF749DBA}.Release|Any CPU.ActiveCfg = Release|x86
		{4C00BD12-D2C7-470F-9E84-5137AF749DBA}.Release|x86.ActiveCfg = Release|x86
		{4C00BD12-D2C7-470F-9E84-5137AF749DBA}.Release|x86.Build.0 = Release|x86
		{AD481F26-9C36-44CA-9E42-40195062303A}.Debug|Any CPU.ActiveCfg = Debug|Any CPU
		{AD481F26-9C36-44CA-9E42-40195062303A}.Debug|Any CPU.Build.0 = Debug|Any CPU
		{AD481F26-9C36-44CA-9E42-40195062303A}.Debug|x86.ActiveCfg = Debug|Any CPU
		{AD481F26-9C36-44CA-9E42-40195062303A}.Debug|x86.Build.0 = Debug|Any CPU
		{AD481F26-9C36-44CA-9E42-40195062303A}.DemoDebug|Any CPU.ActiveCfg = DemoDebug|Any CPU
		{AD481F26-9C36-44CA-9E42-40195062303A}.DemoDebug|Any CPU.Build.0 = DemoDebug|Any CPU
		{AD481F26-9C36-44CA-9E42-40195062303A}.DemoDebug|x86.ActiveCfg = DemoDebug|Any CPU
		{AD481F26-9C36-44CA-9E42-40195062303A}.DemoDebug|x86.Build.0 = DemoDebug|Any CPU
		{AD481F26-9C36-44CA-9E42-40195062303A}.DemoRelease|Any CPU.ActiveCfg = DemoRelease|Any CPU
		{AD481F26-9C36-44CA-9E42-40195062303A}.DemoRelease|Any CPU.Build.0 = DemoRelease|Any CPU
		{AD481F26-9C36-44CA-9E42-40195062303A}.DemoRelease|x86.ActiveCfg = DemoRelease|Any CPU
		{AD481F26-9C36-44CA-9E42-40195062303A}.DemoRelease|x86.Build.0 = DemoRelease|Any CPU
		{AD481F26-9C36-44CA-9E42-40195062303A}.ProofDebug|Any CPU.ActiveCfg = ProofDebug|Any CPU
		{AD481F26-9C36-44CA-9E42-40195062303A}.ProofDebug|Any CPU.Build.0 = ProofDebug|Any CPU
		{AD481F26-9C36-44CA-9E42-40195062303A}.ProofDebug|x86.ActiveCfg = ProofDebug|Any CPU
		{AD481F26-9C36-44CA-9E42-40195062303A}.ProofDebug|x86.Build.0 = ProofDebug|Any CPU
		{AD481F26-9C36-44CA-9E42-40195062303A}.ProofRelease|Any CPU.ActiveCfg = ProofRelease|Any CPU
		{AD481F26-9C36-44CA-9E42-40195062303A}.ProofRelease|Any CPU.Build.0 = ProofRelease|Any CPU
		{AD481F26-9C36-44CA-9E42-40195062303A}.ProofRelease|x86.ActiveCfg = ProofRelease|Any CPU
		{AD481F26-9C36-44CA-9E42-40195062303A}.ProofRelease|x86.Build.0 = ProofRelease|Any CPU
		{AD481F26-9C36-44CA-9E42-40195062303A}.Release|Any CPU.ActiveCfg = Release|Any CPU
		{AD481F26-9C36-44CA-9E42-40195062303A}.Release|Any CPU.Build.0 = Release|Any CPU
		{AD481F26-9C36-44CA-9E42-40195062303A}.Release|x86.ActiveCfg = Release|Any CPU
		{AD481F26-9C36-44CA-9E42-40195062303A}.Release|x86.Build.0 = Release|Any CPU
		{0F72A1CC-3A3D-4855-87D9-5C94423DCD53}.Debug|Any CPU.ActiveCfg = Debug|Any CPU
		{0F72A1CC-3A3D-4855-87D9-5C94423DCD53}.Debug|Any CPU.Build.0 = Debug|Any CPU
		{0F72A1CC-3A3D-4855-87D9-5C94423DCD53}.Debug|x86.ActiveCfg = Debug|Any CPU
		{0F72A1CC-3A3D-4855-87D9-5C94423DCD53}.Debug|x86.Build.0 = Debug|Any CPU
		{0F72A1CC-3A3D-4855-87D9-5C94423DCD53}.DemoDebug|Any CPU.ActiveCfg = Debug|Any CPU
		{0F72A1CC-3A3D-4855-87D9-5C94423DCD53}.DemoDebug|Any CPU.Build.0 = Debug|Any CPU
		{0F72A1CC-3A3D-4855-87D9-5C94423DCD53}.DemoDebug|x86.ActiveCfg = Debug|Any CPU
		{0F72A1CC-3A3D-4855-87D9-5C94423DCD53}.DemoDebug|x86.Build.0 = Debug|Any CPU
		{0F72A1CC-3A3D-4855-87D9-5C94423DCD53}.DemoRelease|Any CPU.ActiveCfg = Release|Any CPU
		{0F72A1CC-3A3D-4855-87D9-5C94423DCD53}.DemoRelease|Any CPU.Build.0 = Release|Any CPU
		{0F72A1CC-3A3D-4855-87D9-5C94423DCD53}.DemoRelease|x86.ActiveCfg = Release|Any CPU
		{0F72A1CC-3A3D-4855-87D9-5C94423DCD53}.DemoRelease|x86.Build.0 = Release|Any CPU
		{0F72A1CC-3A3D-4855-87D9-5C94423DCD53}.ProofDebug|Any CPU.ActiveCfg = Debug|Any CPU
		{0F72A1CC-3A3D-4855-87D9-5C94423DCD53}.ProofDebug|Any CPU.Build.0 = Debug|Any CPU
		{0F72A1CC-3A3D-4855-87D9-5C94423DCD53}.ProofDebug|x86.ActiveCfg = Debug|Any CPU
		{0F72A1CC-3A3D-4855-87D9-5C94423DCD53}.ProofDebug|x86.Build.0 = Debug|Any CPU
		{0F72A1CC-3A3D-4855-87D9-5C94423DCD53}.ProofRelease|Any CPU.ActiveCfg = Release|Any CPU
		{0F72A1CC-3A3D-4855-87D9-5C94423DCD53}.ProofRelease|Any CPU.Build.0 = Release|Any CPU
		{0F72A1CC-3A3D-4855-87D9-5C94423DCD53}.ProofRelease|x86.ActiveCfg = Release|Any CPU
		{0F72A1CC-3A3D-4855-87D9-5C94423DCD53}.ProofRelease|x86.Build.0 = Release|Any CPU
		{0F72A1CC-3A3D-4855-87D9-5C94423DCD53}.Release|Any CPU.ActiveCfg = Release|Any CPU
		{0F72A1CC-3A3D-4855-87D9-5C94423DCD53}.Release|Any CPU.Build.0 = Release|Any CPU
		{0F72A1CC-3A3D-4855-87D9-5C94423DCD53}.Release|x86.ActiveCfg = Release|Any CPU
		{0F72A1CC-3A3D-4855-87D9-5C94423DCD53}.Release|x86.Build.0 = Release|Any CPU
	EndGlobalSection
	GlobalSection(SolutionProperties) = preSolution
		HideSolutionNode = FALSE
	EndGlobalSection
	GlobalSection(NestedProjects) = preSolution
		{E7E1AD85-D333-4D43-A1B5-559B710E6731} = {9747ECAE-5554-4FEC-AD61-6CD9993DA656}
		{088808F1-7D7D-4F26-A3A9-447CB92A5174} = {9747ECAE-5554-4FEC-AD61-6CD9993DA656}
		{0FE2C028-722E-45BE-8C98-AF20AB09B782} = {9747ECAE-5554-4FEC-AD61-6CD9993DA656}
		{F0B5978C-5345-44A0-9A17-FE92C13C33BE} = {9747ECAE-5554-4FEC-AD61-6CD9993DA656}
		{BB2EFE6B-D846-4310-8229-40DD5D89FF2B} = {9405BB41-9B2A-48C1-BEE0-716715937521}
		{D8BF0001-C57A-4940-B74E-27937B5D5377} = {9405BB41-9B2A-48C1-BEE0-716715937521}
		{611F2BAD-57C4-4D06-88E9-08DE9ACBABB6} = {9405BB41-9B2A-48C1-BEE0-716715937521}
		{76851D5A-21C5-49E8-9F92-BE393EB9DD17} = {9405BB41-9B2A-48C1-BEE0-716715937521}
		{4DDA980F-20E0-425B-8AB5-B21A83ED6608} = {3DE33C8C-478C-4BF3-A4B6-4F42BC9CB130}
		{21E4CDDE-8780-42B8-9B78-EF99481C82F0} = {3DE33C8C-478C-4BF3-A4B6-4F42BC9CB130}
		{4C00BD12-D2C7-470F-9E84-5137AF749DBA} = {3DE33C8C-478C-4BF3-A4B6-4F42BC9CB130}
		{AD481F26-9C36-44CA-9E42-40195062303A} = {9747ECAE-5554-4FEC-AD61-6CD9993DA656}
		{0F72A1CC-3A3D-4855-87D9-5C94423DCD53} = {9405BB41-9B2A-48C1-BEE0-716715937521}
		{84174FBC-13E0-4307-8656-24F8068A392E} = {9747ECAE-5554-4FEC-AD61-6CD9993DA656}
	EndGlobalSection
EndGlobal
